# THIS IS AN AUTOGENERATED FILE. DO NOT EDIT THIS FILE DIRECTLY.
# yarn lockfile v1


"@assemblyscript/loader@^0.18.32":
  version "0.18.32"
  resolved "https://registry.yarnpkg.com/@assemblyscript/loader/-/loader-0.18.32.tgz#2216fc7df235df247c95004457efd9c0a7da33ed"
  integrity sha512-fq+nWvQuwASkTgchjMsnLyharobzPJIKx4KGoSlkS1ffrsnjabok2oOH7jAIFW4RMz3JXjHxMONbAmcxzyrcUw==

assemblyscript@^0.18.32:
  version "0.18.32"
  resolved "https://registry.yarnpkg.com/assemblyscript/-/assemblyscript-0.18.32.tgz#cbb76076bd4d9702f4baae0a2910c9755c8e4ecd"
  integrity sha512-Py6zremwGhO3nSoI/VxyVUzTZfNhTjzNzFDaUdG4JhPJHeG+FzVlEoNCrw4bE5nPc7F+P2DJ8tZQCqIt15ceKw==
  dependencies:
    binaryen "100.0.0-nightly.20210413"
    long "^4.0.0"

binaryen@100.0.0-nightly.20210413:
  version "100.0.0-nightly.20210413"
  resolved "https://registry.yarnpkg.com/binaryen/-/binaryen-100.0.0-nightly.20210413.tgz#b7f2a5bb1f76b2d6f9c67486ca218714b3766790"
  integrity sha512-EeGLIxQmJS0xnYl+SH34mNBqVMoixKd9nsE7S7z+CtS9A4eoWn3Qjav+XElgunUgXIHAI5yLnYT2TUGnLX2f1w==

long@^4.0.0:
  version "4.0.0"
  resolved "https://registry.yarnpkg.com/long/-/long-4.0.0.tgz#9a7b71cfb7d361a194ea555241c92f7468d5bf28"
  integrity sha512-XsP+KhQif4bjX1kbuSiySJFNAehNxgLb6hPRGJ9QsUr8ajHkuXGdrHmFUTUUXhDwVX2R5bY4JNZEwbUiMhV+MA==

prism-media@^1.2.9:
  version "1.2.9"
  resolved "https://registry.yarnpkg.com/prism-media/-/prism-media-1.2.9.tgz#8d4f97b36efdfc82483eb8d3db64020767866f36"
  integrity sha512-UHCYuqHipbTR1ZsXr5eg4JUmHER8Ss4YEb9Azn+9zzJ7/jlTtD1h0lc4g6tNx3eMlB8Mp6bfll0LPMAV4R6r3Q==

undici@^3.3.6:
  version "3.3.6"
  resolved "https://registry.yarnpkg.com/undici/-/undici-3.3.6.tgz#06d3b97b7eeff46bce6f8a71079c09f64dd59dc1"
  integrity sha512-/j3YTZ5AobMB4ZrTY72mzM54uFUX32v0R/JRW9G2vOyF1uSKYAx+WT8dMsAcRS13TOFISv094TxIyWYk+WEPsA==
